
Microsoft Visual Studio Solution File, Format Version 12.00
# Visual Studio 14
VisualStudioVersion = 14.0.23107.0
MinimumVisualStudioVersion = 10.0.40219.1
Project("{FAE04EC0-301F-11D3-BF4B-00C04F79EFBC}") = "Proyecto_Modulo_Inventario", "Proyecto_Modulo_Inventario\Proyecto_Modulo_Inventario.csproj", "{2E396D82-8C48-4C81-A2A6-477A1EE02157}"
EndProject
Project("{FAE04EC0-301F-11D3-BF4B-00C04F79EFBC}") = "DatosB", "DatosB\DatosB.csproj", "{FF8DCD34-3724-47AA-80CA-A06808277831}"
EndProject
Global
	GlobalSection(SolutionConfigurationPlatforms) = preSolution
		Debug|Any CPU = Debug|Any CPU
		Release|Any CPU = Release|Any CPU
	EndGlobalSection
	GlobalSection(ProjectConfigurationPlatforms) = postSolution
		{2E396D82-8C48-4C81-A2A6-477A1EE02157}.Debug|Any CPU.ActiveCfg = Debug|Any CPU
		{2E396D82-8C48-4C81-A2A6-477A1EE02157}.Debug|Any CPU.Build.0 = Debug|Any CPU
		{2E396D82-8C48-4C81-A2A6-477A1EE02157}.Release|Any CPU.ActiveCfg = Release|Any CPU
		{2E396D82-8C48-4C81-A2A6-477A1EE02157}.Release|Any CPU.Build.0 = Release|Any CPU
		{FF8DCD34-3724-47AA-80CA-A06808277831}.Debug|Any CPU.ActiveCfg = Debug|Any CPU
		{FF8DCD34-3724-47AA-80CA-A06808277831}.Debug|Any CPU.Build.0 = Debug|Any CPU
		{FF8DCD34-3724-47AA-80CA-A06808277831}.Release|Any CPU.ActiveCfg = Release|Any CPU
		{FF8DCD34-3724-47AA-80CA-A06808277831}.Release|Any CPU.Build.0 = Release|Any CPU
	EndGlobalSection
	GlobalSection(SolutionProperties) = preSolution
		HideSolutionNode = FALSE
	EndGlobalSection
EndGlobal
